
Microsoft Visual Studio Solution File, Format Version 12.00
# Visual Studio 2013
VisualStudioVersion = 12.0.21005.1
MinimumVisualStudioVersion = 10.0.40219.1
Project("{FAE04EC0-301F-11D3-BF4B-00C04F79EFBC}") = "01.SquareRoot", "SquareRoot\01.SquareRoot.csproj", "{D4483FDA-AF96-4993-99FB-A1E4170E2C38}"
EndProject
Project("{FAE04EC0-301F-11D3-BF4B-00C04F79EFBC}") = "02.EnterNumbers", "EnterNumbers\02.EnterNumbers.csproj", "{06426F51-DCAD-41F2-AA08-DD33C41C6716}"
EndProject
Project("{FAE04EC0-301F-11D3-BF4B-00C04F79EFBC}") = "03.ReadFileContents", "ReadFileContents\03.ReadFileContents.csproj", "{D4714840-25B0-48C4-B03C-C5A68FDFC000}"
EndProject
Project("{FAE04EC0-301F-11D3-BF4B-00C04F79EFBC}") = "04.DownloadFile", "DownloadFile\04.DownloadFile.csproj", "{843E1F52-D062-41D6-A281-6120E8C4F27C}"
EndProject
Global
	GlobalSection(SolutionConfigurationPlatforms) = preSolution
		Debug|Any CPU = Debug|Any CPU
		Release|Any CPU = Release|Any CPU
	EndGlobalSection
	GlobalSection(ProjectConfigurationPlatforms) = postSolution
		{D4483FDA-AF96-4993-99FB-A1E4170E2C38}.Debug|Any CPU.ActiveCfg = Debug|Any CPU
		{D4483FDA-AF96-4993-99FB-A1E4170E2C38}.Debug|Any CPU.Build.0 = Debug|Any CPU
		{D4483FDA-AF96-4993-99FB-A1E4170E2C38}.Release|Any CPU.ActiveCfg = Release|Any CPU
		{D4483FDA-AF96-4993-99FB-A1E4170E2C38}.Release|Any CPU.Build.0 = Release|Any CPU
		{06426F51-DCAD-41F2-AA08-DD33C41C6716}.Debug|Any CPU.ActiveCfg = Debug|Any CPU
		{06426F51-DCAD-41F2-AA08-DD33C41C6716}.Debug|Any CPU.Build.0 = Debug|Any CPU
		{06426F51-DCAD-41F2-AA08-DD33C41C6716}.Release|Any CPU.ActiveCfg = Release|Any CPU
		{06426F51-DCAD-41F2-AA08-DD33C41C6716}.Release|Any CPU.Build.0 = Release|Any CPU
		{D4714840-25B0-48C4-B03C-C5A68FDFC000}.Debug|Any CPU.ActiveCfg = Debug|Any CPU
		{D4714840-25B0-48C4-B03C-C5A68FDFC000}.Debug|Any CPU.Build.0 = Debug|Any CPU
		{D4714840-25B0-48C4-B03C-C5A68FDFC000}.Release|Any CPU.ActiveCfg = Release|Any CPU
		{D4714840-25B0-48C4-B03C-C5A68FDFC000}.Release|Any CPU.Build.0 = Release|Any CPU
		{843E1F52-D062-41D6-A281-6120E8C4F27C}.Debug|Any CPU.ActiveCfg = Debug|Any CPU
		{843E1F52-D062-41D6-A281-6120E8C4F27C}.Debug|Any CPU.Build.0 = Debug|Any CPU
		{843E1F52-D062-41D6-A281-6120E8C4F27C}.Release|Any CPU.ActiveCfg = Release|Any CPU
		{843E1F52-D062-41D6-A281-6120E8C4F27C}.Release|Any CPU.Build.0 = Release|Any CPU
	EndGlobalSection
	GlobalSection(SolutionProperties) = preSolution
		HideSolutionNode = FALSE
	EndGlobalSection
EndGlobal
