
Microsoft Visual Studio Solution File, Format Version 12.00
# Visual Studio 2013
VisualStudioVersion = 12.0.21005.1
MinimumVisualStudioVersion = 10.0.40219.1
Project("{FAE04EC0-301F-11D3-BF4B-00C04F79EFBC}") = "01-02.Good-Abstraction", "Good-Abstraction\01-02.Good-Abstraction.csproj", "{BA3C525A-0EE0-4DD5-A13D-3A388E9CCD5D}"
EndProject
Project("{FAE04EC0-301F-11D3-BF4B-00C04F79EFBC}") = "03.Cohesion-and-Coupling", "Cohesion-and-Coupling\03.Cohesion-and-Coupling.csproj", "{002AE0C6-3987-4B73-897F-BC5F02A7656A}"
EndProject
Project("{FAE04EC0-301F-11D3-BF4B-00C04F79EFBC}") = "04.Inheritance-and-Polymorphism", "Inheritance-and-Polymorphism\04.Inheritance-and-Polymorphism.csproj", "{17C1155B-39CA-4B88-8B49-D3B603C39E99}"
EndProject
Global
	GlobalSection(SolutionConfigurationPlatforms) = preSolution
		Debug|Any CPU = Debug|Any CPU
		Release|Any CPU = Release|Any CPU
	EndGlobalSection
	GlobalSection(ProjectConfigurationPlatforms) = postSolution
		{BA3C525A-0EE0-4DD5-A13D-3A388E9CCD5D}.Debug|Any CPU.ActiveCfg = Debug|Any CPU
		{BA3C525A-0EE0-4DD5-A13D-3A388E9CCD5D}.Debug|Any CPU.Build.0 = Debug|Any CPU
		{BA3C525A-0EE0-4DD5-A13D-3A388E9CCD5D}.Release|Any CPU.ActiveCfg = Release|Any CPU
		{BA3C525A-0EE0-4DD5-A13D-3A388E9CCD5D}.Release|Any CPU.Build.0 = Release|Any CPU
		{002AE0C6-3987-4B73-897F-BC5F02A7656A}.Debug|Any CPU.ActiveCfg = Debug|Any CPU
		{002AE0C6-3987-4B73-897F-BC5F02A7656A}.Debug|Any CPU.Build.0 = Debug|Any CPU
		{002AE0C6-3987-4B73-897F-BC5F02A7656A}.Release|Any CPU.ActiveCfg = Release|Any CPU
		{002AE0C6-3987-4B73-897F-BC5F02A7656A}.Release|Any CPU.Build.0 = Release|Any CPU
		{17C1155B-39CA-4B88-8B49-D3B603C39E99}.Debug|Any CPU.ActiveCfg = Debug|Any CPU
		{17C1155B-39CA-4B88-8B49-D3B603C39E99}.Debug|Any CPU.Build.0 = Debug|Any CPU
		{17C1155B-39CA-4B88-8B49-D3B603C39E99}.Release|Any CPU.ActiveCfg = Release|Any CPU
		{17C1155B-39CA-4B88-8B49-D3B603C39E99}.Release|Any CPU.Build.0 = Release|Any CPU
	EndGlobalSection
	GlobalSection(SolutionProperties) = preSolution
		HideSolutionNode = FALSE
	EndGlobalSection
EndGlobal
