
Microsoft Visual Studio Solution File, Format Version 12.00
# Visual Studio 2013
VisualStudioVersion = 12.0.21005.1
MinimumVisualStudioVersion = 10.0.40219.1
Project("{FAE04EC0-301F-11D3-BF4B-00C04F79EFBC}") = "01.School", "School\01.School.csproj", "{201388CB-97A6-45FC-8504-C51252C036EB}"
EndProject
Project("{FAE04EC0-301F-11D3-BF4B-00C04F79EFBC}") = "02.StudentsAndWorkers", "StudentsAndWorkers\02.StudentsAndWorkers.csproj", "{CE2A33A3-0CB4-4359-AE3F-9B9A661F3BE5}"
EndProject
Project("{FAE04EC0-301F-11D3-BF4B-00C04F79EFBC}") = "03.AnimalHierarchy", "AnimalHierarchy\03.AnimalHierarchy.csproj", "{A796A46C-785A-40A7-BC2C-3AA5B5A8B551}"
EndProject
Global
	GlobalSection(SolutionConfigurationPlatforms) = preSolution
		Debug|Any CPU = Debug|Any CPU
		Release|Any CPU = Release|Any CPU
	EndGlobalSection
	GlobalSection(ProjectConfigurationPlatforms) = postSolution
		{201388CB-97A6-45FC-8504-C51252C036EB}.Debug|Any CPU.ActiveCfg = Debug|Any CPU
		{201388CB-97A6-45FC-8504-C51252C036EB}.Debug|Any CPU.Build.0 = Debug|Any CPU
		{201388CB-97A6-45FC-8504-C51252C036EB}.Release|Any CPU.ActiveCfg = Release|Any CPU
		{201388CB-97A6-45FC-8504-C51252C036EB}.Release|Any CPU.Build.0 = Release|Any CPU
		{CE2A33A3-0CB4-4359-AE3F-9B9A661F3BE5}.Debug|Any CPU.ActiveCfg = Debug|Any CPU
		{CE2A33A3-0CB4-4359-AE3F-9B9A661F3BE5}.Debug|Any CPU.Build.0 = Debug|Any CPU
		{CE2A33A3-0CB4-4359-AE3F-9B9A661F3BE5}.Release|Any CPU.ActiveCfg = Release|Any CPU
		{CE2A33A3-0CB4-4359-AE3F-9B9A661F3BE5}.Release|Any CPU.Build.0 = Release|Any CPU
		{A796A46C-785A-40A7-BC2C-3AA5B5A8B551}.Debug|Any CPU.ActiveCfg = Debug|Any CPU
		{A796A46C-785A-40A7-BC2C-3AA5B5A8B551}.Debug|Any CPU.Build.0 = Debug|Any CPU
		{A796A46C-785A-40A7-BC2C-3AA5B5A8B551}.Release|Any CPU.ActiveCfg = Release|Any CPU
		{A796A46C-785A-40A7-BC2C-3AA5B5A8B551}.Release|Any CPU.Build.0 = Release|Any CPU
	EndGlobalSection
	GlobalSection(SolutionProperties) = preSolution
		HideSolutionNode = FALSE
	EndGlobalSection
EndGlobal
