
Microsoft Visual Studio Solution File, Format Version 12.00
# Visual Studio 2013
VisualStudioVersion = 12.0.21005.1
MinimumVisualStudioVersion = 10.0.40219.1
Project("{FAE04EC0-301F-11D3-BF4B-00C04F79EFBC}") = "School", "StudentsCourses\School.csproj", "{6A0FA3FE-16E7-4A8B-90AA-9A282DB55C2E}"
EndProject
Project("{FAE04EC0-301F-11D3-BF4B-00C04F79EFBC}") = "SchoolTests", "SchoolTests\SchoolTests.csproj", "{04D5BAB0-2FB7-4238-9C2C-852BFDC4EC52}"
EndProject
Global
	GlobalSection(SolutionConfigurationPlatforms) = preSolution
		Debug|Any CPU = Debug|Any CPU
		Release|Any CPU = Release|Any CPU
	EndGlobalSection
	GlobalSection(ProjectConfigurationPlatforms) = postSolution
		{6A0FA3FE-16E7-4A8B-90AA-9A282DB55C2E}.Debug|Any CPU.ActiveCfg = Debug|Any CPU
		{6A0FA3FE-16E7-4A8B-90AA-9A282DB55C2E}.Debug|Any CPU.Build.0 = Debug|Any CPU
		{6A0FA3FE-16E7-4A8B-90AA-9A282DB55C2E}.Release|Any CPU.ActiveCfg = Release|Any CPU
		{6A0FA3FE-16E7-4A8B-90AA-9A282DB55C2E}.Release|Any CPU.Build.0 = Release|Any CPU
		{04D5BAB0-2FB7-4238-9C2C-852BFDC4EC52}.Debug|Any CPU.ActiveCfg = Debug|Any CPU
		{04D5BAB0-2FB7-4238-9C2C-852BFDC4EC52}.Debug|Any CPU.Build.0 = Debug|Any CPU
		{04D5BAB0-2FB7-4238-9C2C-852BFDC4EC52}.Release|Any CPU.ActiveCfg = Release|Any CPU
		{04D5BAB0-2FB7-4238-9C2C-852BFDC4EC52}.Release|Any CPU.Build.0 = Release|Any CPU
	EndGlobalSection
	GlobalSection(SolutionProperties) = preSolution
		HideSolutionNode = FALSE
	EndGlobalSection
EndGlobal
