
Microsoft Visual Studio Solution File, Format Version 12.00
# Visual Studio 2013
VisualStudioVersion = 12.0.21005.1
MinimumVisualStudioVersion = 10.0.40219.1
Project("{FAE04EC0-301F-11D3-BF4B-00C04F79EFBC}") = "01.ClassChef", "ClassChef\01.ClassChef.csproj", "{5C67F487-CEFC-4EAD-9C2F-EE2D03821CA9}"
EndProject
Project("{FAE04EC0-301F-11D3-BF4B-00C04F79EFBC}") = "02.RefactorIfStatements", "RefactorIfStatements\02.RefactorIfStatements.csproj", "{AF13F0B2-20D6-4C82-A46B-91F4D9FF7BD6}"
EndProject
Project("{FAE04EC0-301F-11D3-BF4B-00C04F79EFBC}") = "03.RefactorLoop", "RefactorLoop\03.RefactorLoop.csproj", "{61B0324C-BB89-4DC4-BC4D-6D3488938C96}"
EndProject
Global
	GlobalSection(SolutionConfigurationPlatforms) = preSolution
		Debug|Any CPU = Debug|Any CPU
		Release|Any CPU = Release|Any CPU
	EndGlobalSection
	GlobalSection(ProjectConfigurationPlatforms) = postSolution
		{5C67F487-CEFC-4EAD-9C2F-EE2D03821CA9}.Debug|Any CPU.ActiveCfg = Debug|Any CPU
		{5C67F487-CEFC-4EAD-9C2F-EE2D03821CA9}.Debug|Any CPU.Build.0 = Debug|Any CPU
		{5C67F487-CEFC-4EAD-9C2F-EE2D03821CA9}.Release|Any CPU.ActiveCfg = Release|Any CPU
		{5C67F487-CEFC-4EAD-9C2F-EE2D03821CA9}.Release|Any CPU.Build.0 = Release|Any CPU
		{AF13F0B2-20D6-4C82-A46B-91F4D9FF7BD6}.Debug|Any CPU.ActiveCfg = Debug|Any CPU
		{AF13F0B2-20D6-4C82-A46B-91F4D9FF7BD6}.Debug|Any CPU.Build.0 = Debug|Any CPU
		{AF13F0B2-20D6-4C82-A46B-91F4D9FF7BD6}.Release|Any CPU.ActiveCfg = Release|Any CPU
		{AF13F0B2-20D6-4C82-A46B-91F4D9FF7BD6}.Release|Any CPU.Build.0 = Release|Any CPU
		{61B0324C-BB89-4DC4-BC4D-6D3488938C96}.Debug|Any CPU.ActiveCfg = Debug|Any CPU
		{61B0324C-BB89-4DC4-BC4D-6D3488938C96}.Debug|Any CPU.Build.0 = Debug|Any CPU
		{61B0324C-BB89-4DC4-BC4D-6D3488938C96}.Release|Any CPU.ActiveCfg = Release|Any CPU
		{61B0324C-BB89-4DC4-BC4D-6D3488938C96}.Release|Any CPU.Build.0 = Release|Any CPU
	EndGlobalSection
	GlobalSection(SolutionProperties) = preSolution
		HideSolutionNode = FALSE
	EndGlobalSection
EndGlobal
