
Microsoft Visual Studio Solution File, Format Version 12.00
# Visual Studio 14
VisualStudioVersion = 14.0.23107.0
MinimumVisualStudioVersion = 10.0.40219.1
Project("{FAE04EC0-301F-11D3-BF4B-00C04F79EFBC}") = "01,PriorityQueueImplementation", "PriorityQueue\01,PriorityQueueImplementation.csproj", "{E685780E-2B79-4A40-A3E7-352198770C98}"
EndProject
Project("{FAE04EC0-301F-11D3-BF4B-00C04F79EFBC}") = "02.ReadInLargeCollection", "ReadInLargeCollection\02.ReadInLargeCollection.csproj", "{11C99C03-4065-48FA-899F-2CD8B284B3D5}"
EndProject
Project("{FAE04EC0-301F-11D3-BF4B-00C04F79EFBC}") = "03.FindWordsInLargeText", "FindWordsInLargeText\03.FindWordsInLargeText.csproj", "{A02AFEFC-E925-45AF-A11D-AB6B4B0BB670}"
EndProject
Global
	GlobalSection(SolutionConfigurationPlatforms) = preSolution
		Debug|Any CPU = Debug|Any CPU
		Release|Any CPU = Release|Any CPU
	EndGlobalSection
	GlobalSection(ProjectConfigurationPlatforms) = postSolution
		{E685780E-2B79-4A40-A3E7-352198770C98}.Debug|Any CPU.ActiveCfg = Debug|Any CPU
		{E685780E-2B79-4A40-A3E7-352198770C98}.Debug|Any CPU.Build.0 = Debug|Any CPU
		{E685780E-2B79-4A40-A3E7-352198770C98}.Release|Any CPU.ActiveCfg = Release|Any CPU
		{E685780E-2B79-4A40-A3E7-352198770C98}.Release|Any CPU.Build.0 = Release|Any CPU
		{11C99C03-4065-48FA-899F-2CD8B284B3D5}.Debug|Any CPU.ActiveCfg = Debug|Any CPU
		{11C99C03-4065-48FA-899F-2CD8B284B3D5}.Debug|Any CPU.Build.0 = Debug|Any CPU
		{11C99C03-4065-48FA-899F-2CD8B284B3D5}.Release|Any CPU.ActiveCfg = Release|Any CPU
		{11C99C03-4065-48FA-899F-2CD8B284B3D5}.Release|Any CPU.Build.0 = Release|Any CPU
		{A02AFEFC-E925-45AF-A11D-AB6B4B0BB670}.Debug|Any CPU.ActiveCfg = Debug|Any CPU
		{A02AFEFC-E925-45AF-A11D-AB6B4B0BB670}.Debug|Any CPU.Build.0 = Debug|Any CPU
		{A02AFEFC-E925-45AF-A11D-AB6B4B0BB670}.Release|Any CPU.ActiveCfg = Release|Any CPU
		{A02AFEFC-E925-45AF-A11D-AB6B4B0BB670}.Release|Any CPU.Build.0 = Release|Any CPU
	EndGlobalSection
	GlobalSection(SolutionProperties) = preSolution
		HideSolutionNode = FALSE
	EndGlobalSection
EndGlobal
